
Microsoft Visual Studio Solution File, Format Version 12.00
# Visual Studio 15
VisualStudioVersion = 15.0.26124.0
MinimumVisualStudioVersion = 15.0.26124.0
Project("{FAE04EC0-301F-11D3-BF4B-00C04F79EFBC}") = "website.web", "website.web\website.web.csproj", "{8B186678-C7FF-4313-854E-6A1F3DFB0D46}"
EndProject
Project("{FAE04EC0-301F-11D3-BF4B-00C04F79EFBC}") = "website.Cli", "website.Cli\website.Cli.csproj", "{B71C8F34-F91C-459B-ACA5-EF7A3D61DFDF}"
EndProject
Project("{FAE04EC0-301F-11D3-BF4B-00C04F79EFBC}") = "website.Common", "website.Common\website.Common.csproj", "{9909EFC2-73B3-4D69-93DD-356C1C7C8583}"
EndProject
Project("{FAE04EC0-301F-11D3-BF4B-00C04F79EFBC}") = "website.Tests", "website.Tests\website.Tests.csproj", "{43D7AFAA-E291-4620-97EB-F5F49E07FF13}"
EndProject
Global
	GlobalSection(SolutionConfigurationPlatforms) = preSolution
		Debug|Any CPU = Debug|Any CPU
		Debug|x64 = Debug|x64
		Debug|x86 = Debug|x86
		Release|Any CPU = Release|Any CPU
		Release|x64 = Release|x64
		Release|x86 = Release|x86
	EndGlobalSection
	GlobalSection(SolutionProperties) = preSolution
		HideSolutionNode = FALSE
	EndGlobalSection
	GlobalSection(ProjectConfigurationPlatforms) = postSolution
		{8B186678-C7FF-4313-854E-6A1F3DFB0D46}.Debug|Any CPU.ActiveCfg = Debug|Any CPU
		{8B186678-C7FF-4313-854E-6A1F3DFB0D46}.Debug|Any CPU.Build.0 = Debug|Any CPU
		{8B186678-C7FF-4313-854E-6A1F3DFB0D46}.Debug|x64.ActiveCfg = Debug|Any CPU
		{8B186678-C7FF-4313-854E-6A1F3DFB0D46}.Debug|x64.Build.0 = Debug|Any CPU
		{8B186678-C7FF-4313-854E-6A1F3DFB0D46}.Debug|x86.ActiveCfg = Debug|Any CPU
		{8B186678-C7FF-4313-854E-6A1F3DFB0D46}.Debug|x86.Build.0 = Debug|Any CPU
		{8B186678-C7FF-4313-854E-6A1F3DFB0D46}.Release|Any CPU.ActiveCfg = Release|Any CPU
		{8B186678-C7FF-4313-854E-6A1F3DFB0D46}.Release|Any CPU.Build.0 = Release|Any CPU
		{8B186678-C7FF-4313-854E-6A1F3DFB0D46}.Release|x64.ActiveCfg = Release|Any CPU
		{8B186678-C7FF-4313-854E-6A1F3DFB0D46}.Release|x64.Build.0 = Release|Any CPU
		{8B186678-C7FF-4313-854E-6A1F3DFB0D46}.Release|x86.ActiveCfg = Release|Any CPU
		{8B186678-C7FF-4313-854E-6A1F3DFB0D46}.Release|x86.Build.0 = Release|Any CPU
		{B71C8F34-F91C-459B-ACA5-EF7A3D61DFDF}.Debug|Any CPU.ActiveCfg = Debug|Any CPU
		{B71C8F34-F91C-459B-ACA5-EF7A3D61DFDF}.Debug|Any CPU.Build.0 = Debug|Any CPU
		{B71C8F34-F91C-459B-ACA5-EF7A3D61DFDF}.Debug|x64.ActiveCfg = Debug|Any CPU
		{B71C8F34-F91C-459B-ACA5-EF7A3D61DFDF}.Debug|x64.Build.0 = Debug|Any CPU
		{B71C8F34-F91C-459B-ACA5-EF7A3D61DFDF}.Debug|x86.ActiveCfg = Debug|Any CPU
		{B71C8F34-F91C-459B-ACA5-EF7A3D61DFDF}.Debug|x86.Build.0 = Debug|Any CPU
		{B71C8F34-F91C-459B-ACA5-EF7A3D61DFDF}.Release|Any CPU.ActiveCfg = Release|Any CPU
		{B71C8F34-F91C-459B-ACA5-EF7A3D61DFDF}.Release|Any CPU.Build.0 = Release|Any CPU
		{B71C8F34-F91C-459B-ACA5-EF7A3D61DFDF}.Release|x64.ActiveCfg = Release|Any CPU
		{B71C8F34-F91C-459B-ACA5-EF7A3D61DFDF}.Release|x64.Build.0 = Release|Any CPU
		{B71C8F34-F91C-459B-ACA5-EF7A3D61DFDF}.Release|x86.ActiveCfg = Release|Any CPU
		{B71C8F34-F91C-459B-ACA5-EF7A3D61DFDF}.Release|x86.Build.0 = Release|Any CPU
		{9909EFC2-73B3-4D69-93DD-356C1C7C8583}.Debug|Any CPU.ActiveCfg = Debug|Any CPU
		{9909EFC2-73B3-4D69-93DD-356C1C7C8583}.Debug|Any CPU.Build.0 = Debug|Any CPU
		{9909EFC2-73B3-4D69-93DD-356C1C7C8583}.Debug|x64.ActiveCfg = Debug|Any CPU
		{9909EFC2-73B3-4D69-93DD-356C1C7C8583}.Debug|x64.Build.0 = Debug|Any CPU
		{9909EFC2-73B3-4D69-93DD-356C1C7C8583}.Debug|x86.ActiveCfg = Debug|Any CPU
		{9909EFC2-73B3-4D69-93DD-356C1C7C8583}.Debug|x86.Build.0 = Debug|Any CPU
		{9909EFC2-73B3-4D69-93DD-356C1C7C8583}.Release|Any CPU.ActiveCfg = Release|Any CPU
		{9909EFC2-73B3-4D69-93DD-356C1C7C8583}.Release|Any CPU.Build.0 = Release|Any CPU
		{9909EFC2-73B3-4D69-93DD-356C1C7C8583}.Release|x64.ActiveCfg = Release|Any CPU
		{9909EFC2-73B3-4D69-93DD-356C1C7C8583}.Release|x64.Build.0 = Release|Any CPU
		{9909EFC2-73B3-4D69-93DD-356C1C7C8583}.Release|x86.ActiveCfg = Release|Any CPU
		{9909EFC2-73B3-4D69-93DD-356C1C7C8583}.Release|x86.Build.0 = Release|Any CPU
		{43D7AFAA-E291-4620-97EB-F5F49E07FF13}.Debug|Any CPU.ActiveCfg = Debug|Any CPU
		{43D7AFAA-E291-4620-97EB-F5F49E07FF13}.Debug|Any CPU.Build.0 = Debug|Any CPU
		{43D7AFAA-E291-4620-97EB-F5F49E07FF13}.Debug|x64.ActiveCfg = Debug|Any CPU
		{43D7AFAA-E291-4620-97EB-F5F49E07FF13}.Debug|x64.Build.0 = Debug|Any CPU
		{43D7AFAA-E291-4620-97EB-F5F49E07FF13}.Debug|x86.ActiveCfg = Debug|Any CPU
		{43D7AFAA-E291-4620-97EB-F5F49E07FF13}.Debug|x86.Build.0 = Debug|Any CPU
		{43D7AFAA-E291-4620-97EB-F5F49E07FF13}.Release|Any CPU.ActiveCfg = Release|Any CPU
		{43D7AFAA-E291-4620-97EB-F5F49E07FF13}.Release|Any CPU.Build.0 = Release|Any CPU
		{43D7AFAA-E291-4620-97EB-F5F49E07FF13}.Release|x64.ActiveCfg = Release|Any CPU
		{43D7AFAA-E291-4620-97EB-F5F49E07FF13}.Release|x64.Build.0 = Release|Any CPU
		{43D7AFAA-E291-4620-97EB-F5F49E07FF13}.Release|x86.ActiveCfg = Release|Any CPU
		{43D7AFAA-E291-4620-97EB-F5F49E07FF13}.Release|x86.Build.0 = Release|Any CPU
	EndGlobalSection
EndGlobal
